
Microsoft Visual Studio Solution File, Format Version 12.00
# Visual Studio Version 16
VisualStudioVersion = 16.0.32002.261
MinimumVisualStudioVersion = 10.0.40219.1
Project("{FAE04EC0-301F-11D3-BF4B-00C04F79EFBC}") = "SeaFoodProject", "SeaFoodProject\SeaFoodProject.csproj", "{C648F892-1B5B-4876-A6CA-CFFD7E26786B}"
EndProject
Global
	GlobalSection(SolutionConfigurationPlatforms) = preSolution
		Debug|Any CPU = Debug|Any CPU
		Release|Any CPU = Release|Any CPU
	EndGlobalSection
	GlobalSection(ProjectConfigurationPlatforms) = postSolution
		{C648F892-1B5B-4876-A6CA-CFFD7E26786B}.Debug|Any CPU.ActiveCfg = Debug|Any CPU
		{C648F892-1B5B-4876-A6CA-CFFD7E26786B}.Debug|Any CPU.Build.0 = Debug|Any CPU
		{C648F892-1B5B-4876-A6CA-CFFD7E26786B}.Release|Any CPU.ActiveCfg = Release|Any CPU
		{C648F892-1B5B-4876-A6CA-CFFD7E26786B}.Release|Any CPU.Build.0 = Release|Any CPU
	EndGlobalSection
	GlobalSection(SolutionProperties) = preSolution
		HideSolutionNode = FALSE
	EndGlobalSection
	GlobalSection(ExtensibilityGlobals) = postSolution
		SolutionGuid = {FEB24FB4-D18C-420A-9AB6-06464E3BE9A8}
	EndGlobalSection
EndGlobal
